
Microsoft Visual Studio Solution File, Format Version 12.00
# Visual Studio Version 17
VisualStudioVersion = 17.8.34511.84
MinimumVisualStudioVersion = 10.0.40219.1
Project("{FAE04EC0-301F-11D3-BF4B-00C04F79EFBC}") = "C#", "C#\C#.csproj", "{034EF35C-6F4C-4809-BC35-9951E7BD0861}"
EndProject
Global
	GlobalSection(SolutionConfigurationPlatforms) = preSolution
		Debug|Any CPU = Debug|Any CPU
		Release|Any CPU = Release|Any CPU
	EndGlobalSection
	GlobalSection(ProjectConfigurationPlatforms) = postSolution
		{034EF35C-6F4C-4809-BC35-9951E7BD0861}.Debug|Any CPU.ActiveCfg = Debug|Any CPU
		{034EF35C-6F4C-4809-BC35-9951E7BD0861}.Debug|Any CPU.Build.0 = Debug|Any CPU
		{034EF35C-6F4C-4809-BC35-9951E7BD0861}.Release|Any CPU.ActiveCfg = Release|Any CPU
		{034EF35C-6F4C-4809-BC35-9951E7BD0861}.Release|Any CPU.Build.0 = Release|Any CPU
	EndGlobalSection
	GlobalSection(SolutionProperties) = preSolution
		HideSolutionNode = FALSE
	EndGlobalSection
	GlobalSection(ExtensibilityGlobals) = postSolution
		SolutionGuid = {A21F6D48-3DF8-4523-AF5D-7F8DC02F6121}
	EndGlobalSection
EndGlobal
